Microsoft Visual Studio Solution File, Format Version 12.00
# Visual Studio 2012
Project("{FAE04EC0-301F-11D3-BF4B-00C04F79EFBC}") = "four_x", "four_x.csproj", "{A270F2E2-3644-4F5E-90EC-77AC0175D1CD}"
EndProject
Global
	GlobalSection(SolutionConfigurationPlatforms) = preSolution
	Debug|Any CPU = Debug|Any CPU
	ExportDebug|Any CPU = ExportDebug|Any CPU
	ExportRelease|Any CPU = ExportRelease|Any CPU
	EndGlobalSection
	GlobalSection(ProjectConfigurationPlatforms) = postSolution
		{A270F2E2-3644-4F5E-90EC-77AC0175D1CD}.Debug|Any CPU.ActiveCfg = Debug|Any CPU
		{A270F2E2-3644-4F5E-90EC-77AC0175D1CD}.Debug|Any CPU.Build.0 = Debug|Any CPU
		{A270F2E2-3644-4F5E-90EC-77AC0175D1CD}.ExportDebug|Any CPU.ActiveCfg = ExportDebug|Any CPU
		{A270F2E2-3644-4F5E-90EC-77AC0175D1CD}.ExportDebug|Any CPU.Build.0 = ExportDebug|Any CPU
		{A270F2E2-3644-4F5E-90EC-77AC0175D1CD}.ExportRelease|Any CPU.ActiveCfg = ExportRelease|Any CPU
		{A270F2E2-3644-4F5E-90EC-77AC0175D1CD}.ExportRelease|Any CPU.Build.0 = ExportRelease|Any CPU
	EndGlobalSection
EndGlobal
